
Microsoft Visual Studio Solution File, Format Version 12.00
# Visual Studio Version 17
VisualStudioVersion = 17.1.32421.90
MinimumVisualStudioVersion = 10.0.40219.1
Project("{FAE04EC0-301F-11D3-BF4B-00C04F79EFBC}") = "assignment-be", "assignment-be\assignment-be.csproj", "{A70D750F-CD7A-4191-A171-242764B168B1}"
EndProject
Global
	GlobalSection(SolutionConfigurationPlatforms) = preSolution
		Debug|Any CPU = Debug|Any CPU
		Release|Any CPU = Release|Any CPU
	EndGlobalSection
	GlobalSection(ProjectConfigurationPlatforms) = postSolution
		{A70D750F-CD7A-4191-A171-242764B168B1}.Debug|Any CPU.ActiveCfg = Debug|Any CPU
		{A70D750F-CD7A-4191-A171-242764B168B1}.Debug|Any CPU.Build.0 = Debug|Any CPU
		{A70D750F-CD7A-4191-A171-242764B168B1}.Release|Any CPU.ActiveCfg = Release|Any CPU
		{A70D750F-CD7A-4191-A171-242764B168B1}.Release|Any CPU.Build.0 = Release|Any CPU
	EndGlobalSection
	GlobalSection(SolutionProperties) = preSolution
		HideSolutionNode = FALSE
	EndGlobalSection
	GlobalSection(ExtensibilityGlobals) = postSolution
		SolutionGuid = {1257BBAF-3F33-4A93-948A-AF209F152E20}
	EndGlobalSection
EndGlobal
